// !$*UTF8*$!
{
	archiveVersion = 1;
	classes = {
	};
	objectVersion = 46;
	objects = {

/* Begin PBXBuildFile section */
		3FA2F6D51D37CDF05529295A /* libPods-chito.a in Frameworks */ = {isa = PBXBuildFile; fileRef = 1ABD37D7F1F779CCE737628A /* libPods-chito.a */; };
		C11CD62A1B6235A200D2A1E1 /* RightViewController.m in Sources */ = {isa = PBXBuildFile; fileRef = C11CD6281B6235A200D2A1E1 /* RightViewController.m */; };
		C11CD6361B62759B00D2A1E1 /* FirstViewController.m in Sources */ = {isa = PBXBuildFile; fileRef = C11CD6351B62759B00D2A1E1 /* FirstViewController.m */; };
		C11CD6391B6275AA00D2A1E1 /* SecondViewController.m in Sources */ = {isa = PBXBuildFile; fileRef = C11CD6381B6275AA00D2A1E1 /* SecondViewController.m */; };
		C11CD63C1B62892C00D2A1E1 /* RootViewController.m in Sources */ = {isa = PBXBuildFile; fileRef = C11CD63B1B62892C00D2A1E1 /* RootViewController.m */; };
		C13CCC9D1B5F917400A87C8A /* YelpDataModel.m in Sources */ = {isa = PBXBuildFile; fileRef = C13CCC9C1B5F917400A87C8A /* YelpDataModel.m */; };
		C15C80D11B540A960024F0B5 /* main.m in Sources */ = {isa = PBXBuildFile; fileRef = C15C80D01B540A960024F0B5 /* main.m */; };
		C15C80D41B540A960024F0B5 /* AppDelegate.m in Sources */ = {isa = PBXBuildFile; fileRef = C15C80D31B540A960024F0B5 /* AppDelegate.m */; };
		C15C80D71B540A960024F0B5 /* ViewController.m in Sources */ = {isa = PBXBuildFile; fileRef = C15C80D61B540A960024F0B5 /* ViewController.m */; };
		C15C80DA1B540A960024F0B5 /* Main.storyboard in Resources */ = {isa = PBXBuildFile; fileRef = C15C80D81B540A960024F0B5 /* Main.storyboard */; };
		C15C80DC1B540A960024F0B5 /* Images.xcassets in Resources */ = {isa = PBXBuildFile; fileRef = C15C80DB1B540A960024F0B5 /* Images.xcassets */; };
		C15C80DF1B540A960024F0B5 /* LaunchScreen.xib in Resources */ = {isa = PBXBuildFile; fileRef = C15C80DD1B540A960024F0B5 /* LaunchScreen.xib */; };
		C15C80EB1B540A960024F0B5 /* chitoTests.m in Sources */ = {isa = PBXBuildFile; fileRef = C15C80EA1B540A960024F0B5 /* chitoTests.m */; };
		C16B0FFE1B5FE1A000316783 /* CSMarker.m in Sources */ = {isa = PBXBuildFile; fileRef = C16B0FFD1B5FE1A000316783 /* CSMarker.m */; };
		C1BF26001B5CDB7600CCB79B /* yelpJsonTest.json in Resources */ = {isa = PBXBuildFile; fileRef = C1BF25FF1B5CDB7600CCB79B /* yelpJsonTest.json */; };
		C1BF26031B5CEF3400CCB79B /* CustomInfoWindow.m in Sources */ = {isa = PBXBuildFile; fileRef = C1BF26021B5CEF3400CCB79B /* CustomInfoWindow.m */; };
		C1BF260B1B5D619D00CCB79B /* mrtJson.json in Resources */ = {isa = PBXBuildFile; fileRef = C1BF260A1B5D619D00CCB79B /* mrtJson.json */; };
		C1BF260D1B5E245200CCB79B /* SortCollectionViewController.swift in Sources */ = {isa = PBXBuildFile; fileRef = C1BF260C1B5E245200CCB79B /* SortCollectionViewController.swift */; };
		C1BF260F1B5E27CA00CCB79B /* Interest.swift in Sources */ = {isa = PBXBuildFile; fileRef = C1BF260E1B5E27CA00CCB79B /* Interest.swift */; };
		C1BF26161B5E2C2A00CCB79B /* InterestCollectionViewCell.swift in Sources */ = {isa = PBXBuildFile; fileRef = C1BF26151B5E2C2A00CCB79B /* InterestCollectionViewCell.swift */; };
		C1D83C031B591B280043D7D4 /* PleaseLoginViewController.m in Sources */ = {isa = PBXBuildFile; fileRef = C1D83C021B591B280043D7D4 /* PleaseLoginViewController.m */; };
		C1EFF8C91B5B50040083C001 /* MapViewController.m in Sources */ = {isa = PBXBuildFile; fileRef = C1EFF8C71B5B50040083C001 /* MapViewController.m */; };
		C1EFF8CA1B5B50040083C001 /* InfoWindow.xib in Resources */ = {isa = PBXBuildFile; fileRef = C1EFF8C81B5B50040083C001 /* InfoWindow.xib */; };
/* End PBXBuildFile section */

/* Begin PBXContainerItemProxy section */
		C15C80E51B540A960024F0B5 /* PBXContainerItemProxy */ = {
			isa = PBXContainerItemProxy;
			containerPortal = C15C80C31B540A960024F0B5 /* Project object */;
			proxyType = 1;
			remoteGlobalIDString = C15C80CA1B540A960024F0B5;
			remoteInfo = chito;
		};
/* End PBXContainerItemProxy section */

/* Begin PBXFileReference section */
		15F6435E3A8F13D831B4A296 /* Pods-chito.debug.xcconfig */ = {isa = PBXFileReference; includeInIndex = 1; lastKnownFileType = text.xcconfig; name = "Pods-chito.debug.xcconfig"; path = "Pods/Target Support Files/Pods-chito/Pods-chito.debug.xcconfig"; sourceTree = "<group>"; };
		1ABD37D7F1F779CCE737628A /* libPods-chito.a */ = {isa = PBXFileReference; explicitFileType = archive.ar; includeInIndex = 0; path = "libPods-chito.a"; sourceTree = BUILT_PRODUCTS_DIR; };
		4D144E4EF0F0E4EEF293BF0F /* Pods-chito.release.xcconfig */ = {isa = PBXFileReference; includeInIndex = 1; lastKnownFileType = text.xcconfig; name = "Pods-chito.release.xcconfig"; path = "Pods/Target Support Files/Pods-chito/Pods-chito.release.xcconfig"; sourceTree = "<group>"; };
		C11CD6271B6235A200D2A1E1 /* RightViewController.h */ = {isa = PBXFileReference; fileEncoding = 4; lastKnownFileType = sourcecode.c.h; path = RightViewController.h; sourceTree = "<group>"; };
		C11CD6281B6235A200D2A1E1 /* RightViewController.m */ = {isa = PBXFileReference; fileEncoding = 4; lastKnownFileType = sourcecode.c.objc; path = RightViewController.m; sourceTree = "<group>"; };
		C11CD6341B62759B00D2A1E1 /* FirstViewController.h */ = {isa = PBXFileReference; fileEncoding = 4; lastKnownFileType = sourcecode.c.h; path = FirstViewController.h; sourceTree = "<group>"; };
		C11CD6351B62759B00D2A1E1 /* FirstViewController.m */ = {isa = PBXFileReference; fileEncoding = 4; lastKnownFileType = sourcecode.c.objc; path = FirstViewController.m; sourceTree = "<group>"; };
		C11CD6371B6275AA00D2A1E1 /* SecondViewController.h */ = {isa = PBXFileReference; fileEncoding = 4; lastKnownFileType = sourcecode.c.h; path = SecondViewController.h; sourceTree = "<group>"; };
		C11CD6381B6275AA00D2A1E1 /* SecondViewController.m */ = {isa = PBXFileReference; fileEncoding = 4; lastKnownFileType = sourcecode.c.objc; path = SecondViewController.m; sourceTree = "<group>"; };
		C11CD63A1B62892C00D2A1E1 /* RootViewController.h */ = {isa = PBXFileReference; fileEncoding = 4; lastKnownFileType = sourcecode.c.h; path = RootViewController.h; sourceTree = "<group>"; };
		C11CD63B1B62892C00D2A1E1 /* RootViewController.m */ = {isa = PBXFileReference; fileEncoding = 4; lastKnownFileType = sourcecode.c.objc; path = RootViewController.m; sourceTree = "<group>"; };
		C13CCC9B1B5F917400A87C8A /* YelpDataModel.h */ = {isa = PBXFileReference; fileEncoding = 4; lastKnownFileType = sourcecode.c.h; path = YelpDataModel.h; sourceTree = "<group>"; };
		C13CCC9C1B5F917400A87C8A /* YelpDataModel.m */ = {isa = PBXFileReference; fileEncoding = 4; lastKnownFileType = sourcecode.c.objc; path = YelpDataModel.m; sourceTree = "<group>"; };
		C15C80CB1B540A960024F0B5 /* CHiTO.app */ = {isa = PBXFileReference; explicitFileType = wrapper.application; includeInIndex = 0; path = CHiTO.app; sourceTree = BUILT_PRODUCTS_DIR; };
		C15C80CF1B540A960024F0B5 /* Info.plist */ = {isa = PBXFileReference; lastKnownFileType = text.plist.xml; path = Info.plist; sourceTree = "<group>"; };
		C15C80D01B540A960024F0B5 /* main.m */ = {isa = PBXFileReference; lastKnownFileType = sourcecode.c.objc; path = main.m; sourceTree = "<group>"; };
		C15C80D21B540A960024F0B5 /* AppDelegate.h */ = {isa = PBXFileReference; lastKnownFileType = sourcecode.c.h; path = AppDelegate.h; sourceTree = "<group>"; };
		C15C80D31B540A960024F0B5 /* AppDelegate.m */ = {isa = PBXFileReference; lastKnownFileType = sourcecode.c.objc; path = AppDelegate.m; sourceTree = "<group>"; };
		C15C80D51B540A960024F0B5 /* ViewController.h */ = {isa = PBXFileReference; lastKnownFileType = sourcecode.c.h; path = ViewController.h; sourceTree = "<group>"; };
		C15C80D61B540A960024F0B5 /* ViewController.m */ = {isa = PBXFileReference; lastKnownFileType = sourcecode.c.objc; path = ViewController.m; sourceTree = "<group>"; };
		C15C80D91B540A960024F0B5 /* Base */ = {isa = PBXFileReference; lastKnownFileType = file.storyboard; name = Base; path = Base.lproj/Main.storyboard; sourceTree = "<group>"; };
		C15C80DB1B540A960024F0B5 /* Images.xcassets */ = {isa = PBXFileReference; lastKnownFileType = folder.assetcatalog; path = Images.xcassets; sourceTree = "<group>"; };
		C15C80DE1B540A960024F0B5 /* Base */ = {isa = PBXFileReference; lastKnownFileType = file.xib; name = Base; path = Base.lproj/LaunchScreen.xib; sourceTree = "<group>"; };
		C15C80E41B540A960024F0B5 /* CHiTO.temp_caseinsensitive_rename.xctest */ = {isa = PBXFileReference; explicitFileType = wrapper.cfbundle; includeInIndex = 0; path = CHiTO.temp_caseinsensitive_rename.xctest; sourceTree = BUILT_PRODUCTS_DIR; };
		C15C80E91B540A960024F0B5 /* Info.plist */ = {isa = PBXFileReference; lastKnownFileType = text.plist.xml; path = Info.plist; sourceTree = "<group>"; };
		C15C80EA1B540A960024F0B5 /* chitoTests.m */ = {isa = PBXFileReference; lastKnownFileType = sourcecode.c.objc; path = chitoTests.m; sourceTree = "<group>"; };
		C16B0FFC1B5FE1A000316783 /* CSMarker.h */ = {isa = PBXFileReference; fileEncoding = 4; lastKnownFileType = sourcecode.c.h; path = CSMarker.h; sourceTree = "<group>"; };
		C16B0FFD1B5FE1A000316783 /* CSMarker.m */ = {isa = PBXFileReference; fileEncoding = 4; lastKnownFileType = sourcecode.c.objc; path = CSMarker.m; sourceTree = "<group>"; };
		C1BF25FF1B5CDB7600CCB79B /* yelpJsonTest.json */ = {isa = PBXFileReference; fileEncoding = 4; lastKnownFileType = text.json; path = yelpJsonTest.json; sourceTree = "<group>"; xcLanguageSpecificationIdentifier = xcode.lang.javascript; };
		C1BF26011B5CEF3400CCB79B /* CustomInfoWindow.h */ = {isa = PBXFileReference; fileEncoding = 4; lastKnownFileType = sourcecode.c.h; path = CustomInfoWindow.h; sourceTree = "<group>"; };
		C1BF26021B5CEF3400CCB79B /* CustomInfoWindow.m */ = {isa = PBXFileReference; fileEncoding = 4; lastKnownFileType = sourcecode.c.objc; path = CustomInfoWindow.m; sourceTree = "<group>"; };
		C1BF260A1B5D619D00CCB79B /* mrtJson.json */ = {isa = PBXFileReference; fileEncoding = 4; lastKnownFileType = text.json; path = mrtJson.json; sourceTree = "<group>"; xcLanguageSpecificationIdentifier = xcode.lang.javascript; };
		C1BF260C1B5E245200CCB79B /* SortCollectionViewController.swift */ = {isa = PBXFileReference; fileEncoding = 4; lastKnownFileType = sourcecode.swift; path = SortCollectionViewController.swift; sourceTree = "<group>"; };
		C1BF260E1B5E27CA00CCB79B /* Interest.swift */ = {isa = PBXFileReference; fileEncoding = 4; lastKnownFileType = sourcecode.swift; path = Interest.swift; sourceTree = "<group>"; };
		C1BF26151B5E2C2A00CCB79B /* InterestCollectionViewCell.swift */ = {isa = PBXFileReference; fileEncoding = 4; lastKnownFileType = sourcecode.swift; path = InterestCollectionViewCell.swift; sourceTree = "<group>"; };
		C1BF26181B5E351B00CCB79B /* chito-Bridging-Header.h */ = {isa = PBXFileReference; lastKnownFileType = sourcecode.c.h; path = "chito-Bridging-Header.h"; sourceTree = "<group>"; };
		C1D83C011B591B280043D7D4 /* PleaseLoginViewController.h */ = {isa = PBXFileReference; fileEncoding = 4; lastKnownFileType = sourcecode.c.h; name = PleaseLoginViewController.h; path = Login/PleaseLoginViewController.h; sourceTree = "<group>"; };
		C1D83C021B591B280043D7D4 /* PleaseLoginViewController.m */ = {isa = PBXFileReference; fileEncoding = 4; lastKnownFileType = sourcecode.c.objc; name = PleaseLoginViewController.m; path = Login/PleaseLoginViewController.m; sourceTree = "<group>"; };
		C1EFF8C61B5B50040083C001 /* MapViewController.h */ = {isa = PBXFileReference; fileEncoding = 4; lastKnownFileType = sourcecode.c.h; path = MapViewController.h; sourceTree = "<group>"; };
		C1EFF8C71B5B50040083C001 /* MapViewController.m */ = {isa = PBXFileReference; fileEncoding = 4; lastKnownFileType = sourcecode.c.objc; path = MapViewController.m; sourceTree = "<group>"; };
		C1EFF8C81B5B50040083C001 /* InfoWindow.xib */ = {isa = PBXFileReference; fileEncoding = 4; lastKnownFileType = file.xib; path = InfoWindow.xib; sourceTree = "<group>"; };
/* End PBXFileReference section */

/* Begin PBXFrameworksBuildPhase section */
		C15C80C81B540A960024F0B5 /* Frameworks */ = {
			isa = PBXFrameworksBuildPhase;
			buildActionMask = 2147483647;
			files = (
				3FA2F6D51D37CDF05529295A /* libPods-chito.a in Frameworks */,
			);
			runOnlyForDeploymentPostprocessing = 0;
		};
		C15C80E11B540A960024F0B5 /* Frameworks */ = {
			isa = PBXFrameworksBuildPhase;
			buildActionMask = 2147483647;
			files = (
			);
			runOnlyForDeploymentPostprocessing = 0;
		};
/* End PBXFrameworksBuildPhase section */

/* Begin PBXGroup section */
		463463592EF054A8B9029326 /* Pods */ = {
			isa = PBXGroup;
			children = (
				15F6435E3A8F13D831B4A296 /* Pods-chito.debug.xcconfig */,
				4D144E4EF0F0E4EEF293BF0F /* Pods-chito.release.xcconfig */,
			);
			name = Pods;
			sourceTree = "<group>";
		};
		B0E55D18B38CEFADA2A66412 /* Frameworks */ = {
			isa = PBXGroup;
			children = (
				1ABD37D7F1F779CCE737628A /* libPods-chito.a */,
			);
			name = Frameworks;
			sourceTree = "<group>";
		};
		C11CD6241B62358900D2A1E1 /* SideMenu Controller */ = {
			isa = PBXGroup;
			children = (
				C11CD6271B6235A200D2A1E1 /* RightViewController.h */,
				C11CD6281B6235A200D2A1E1 /* RightViewController.m */,
				C11CD6341B62759B00D2A1E1 /* FirstViewController.h */,
				C11CD6351B62759B00D2A1E1 /* FirstViewController.m */,
				C11CD6371B6275AA00D2A1E1 /* SecondViewController.h */,
				C11CD6381B6275AA00D2A1E1 /* SecondViewController.m */,
			);
			name = "SideMenu Controller";
			sourceTree = "<group>";
		};
		C15C80C21B540A960024F0B5 = {
			isa = PBXGroup;
			children = (
				C15C80CD1B540A960024F0B5 /* chito */,
				C15C80E71B540A960024F0B5 /* chitoTests */,
				C15C80CC1B540A960024F0B5 /* Products */,
				463463592EF054A8B9029326 /* Pods */,
				B0E55D18B38CEFADA2A66412 /* Frameworks */,
			);
			sourceTree = "<group>";
		};
		C15C80CC1B540A960024F0B5 /* Products */ = {
			isa = PBXGroup;
			children = (
				C15C80CB1B540A960024F0B5 /* CHiTO.app */,
				C15C80E41B540A960024F0B5 /* CHiTO.temp_caseinsensitive_rename.xctest */,
			);
			name = Products;
			sourceTree = "<group>";
		};
		C15C80CD1B540A960024F0B5 /* chito */ = {
			isa = PBXGroup;
			children = (
				C15C80D21B540A960024F0B5 /* AppDelegate.h */,
				C15C80D31B540A960024F0B5 /* AppDelegate.m */,
				C11CD63A1B62892C00D2A1E1 /* RootViewController.h */,
				C11CD63B1B62892C00D2A1E1 /* RootViewController.m */,
				C15C80D51B540A960024F0B5 /* ViewController.h */,
				C15C80D61B540A960024F0B5 /* ViewController.m */,
				C15C80D81B540A960024F0B5 /* Main.storyboard */,
				C1BF26101B5E2BBB00CCB79B /* Sort Controller */,
				C1AAA7341B5B4F3C00B26F41 /* Map Controller */,
				C11CD6241B62358900D2A1E1 /* SideMenu Controller */,
				C1D83C041B591B310043D7D4 /* View */,
				C1BF26111B5E2BD000CCB79B /* Model */,
				C15C80DB1B540A960024F0B5 /* Images.xcassets */,
				C15C80DD1B540A960024F0B5 /* LaunchScreen.xib */,
				C15C80CE1B540A960024F0B5 /* Supporting Files */,
			);
			path = chito;
			sourceTree = "<group>";
		};
		C15C80CE1B540A960024F0B5 /* Supporting Files */ = {
			isa = PBXGroup;
			children = (
				C15C80CF1B540A960024F0B5 /* Info.plist */,
				C15C80D01B540A960024F0B5 /* main.m */,
			);
			name = "Supporting Files";
			sourceTree = "<group>";
		};
		C15C80E71B540A960024F0B5 /* chitoTests */ = {
			isa = PBXGroup;
			children = (
				C15C80EA1B540A960024F0B5 /* chitoTests.m */,
				C15C80E81B540A960024F0B5 /* Supporting Files */,
			);
			path = chitoTests;
			sourceTree = "<group>";
		};
		C15C80E81B540A960024F0B5 /* Supporting Files */ = {
			isa = PBXGroup;
			children = (
				C15C80E91B540A960024F0B5 /* Info.plist */,
			);
			name = "Supporting Files";
			path = chitoTests;
			sourceTree = SOURCE_ROOT;
		};
		C1AAA7341B5B4F3C00B26F41 /* Map Controller */ = {
			isa = PBXGroup;
			children = (
				C1EFF8C61B5B50040083C001 /* MapViewController.h */,
				C1EFF8C71B5B50040083C001 /* MapViewController.m */,
				C16B0FFC1B5FE1A000316783 /* CSMarker.h */,
				C16B0FFD1B5FE1A000316783 /* CSMarker.m */,
				C1F953451B60D0D8002BA437 /* Infowindow View */,
			);
			name = "Map Controller";
			sourceTree = "<group>";
		};
		C1BF26101B5E2BBB00CCB79B /* Sort Controller */ = {
			isa = PBXGroup;
			children = (
				C1BF260C1B5E245200CCB79B /* SortCollectionViewController.swift */,
				C1BF26151B5E2C2A00CCB79B /* InterestCollectionViewCell.swift */,
				C1BF26181B5E351B00CCB79B /* chito-Bridging-Header.h */,
			);
			name = "Sort Controller";
			sourceTree = "<group>";
		};
		C1BF26111B5E2BD000CCB79B /* Model */ = {
			isa = PBXGroup;
			children = (
				C1BF25FF1B5CDB7600CCB79B /* yelpJsonTest.json */,
				C1BF260A1B5D619D00CCB79B /* mrtJson.json */,
				C1BF260E1B5E27CA00CCB79B /* Interest.swift */,
				C13CCC9B1B5F917400A87C8A /* YelpDataModel.h */,
				C13CCC9C1B5F917400A87C8A /* YelpDataModel.m */,
			);
			name = Model;
			sourceTree = "<group>";
		};
		C1D83C041B591B310043D7D4 /* View */ = {
			isa = PBXGroup;
			children = (
				C1D83C011B591B280043D7D4 /* PleaseLoginViewController.h */,
				C1D83C021B591B280043D7D4 /* PleaseLoginViewController.m */,
			);
			name = View;
			sourceTree = "<group>";
		};
		C1F953451B60D0D8002BA437 /* Infowindow View */ = {
			isa = PBXGroup;
			children = (
				C1EFF8C81B5B50040083C001 /* InfoWindow.xib */,
				C1BF26011B5CEF3400CCB79B /* CustomInfoWindow.h */,
				C1BF26021B5CEF3400CCB79B /* CustomInfoWindow.m */,
			);
			name = "Infowindow View";
			sourceTree = "<group>";
		};
/* End PBXGroup section */

/* Begin PBXNativeTarget section */
		C15C80CA1B540A960024F0B5 /* chito */ = {
			isa = PBXNativeTarget;
			buildConfigurationList = C15C80EE1B540A960024F0B5 /* Build configuration list for PBXNativeTarget "chito" */;
			buildPhases = (
				C5058633A8F284414FC21C2D /* Check Pods Manifest.lock */,
				C15C80C71B540A960024F0B5 /* Sources */,
				C15C80C81B540A960024F0B5 /* Frameworks */,
				C15C80C91B540A960024F0B5 /* Resources */,
				00118522B42C5F709B5DFEA9 /* Copy Pods Resources */,
			);
			buildRules = (
			);
			dependencies = (
			);
			name = chito;
			productName = chito;
			productReference = C15C80CB1B540A960024F0B5 /* CHiTO.app */;
			productType = "com.apple.product-type.application";
		};
		C15C80E31B540A960024F0B5 /* chitoTests */ = {
			isa = PBXNativeTarget;
			buildConfigurationList = C15C80F11B540A960024F0B5 /* Build configuration list for PBXNativeTarget "chitoTests" */;
			buildPhases = (
				C15C80E01B540A960024F0B5 /* Sources */,
				C15C80E11B540A960024F0B5 /* Frameworks */,
				C15C80E21B540A960024F0B5 /* Resources */,
			);
			buildRules = (
			);
			dependencies = (
				C15C80E61B540A960024F0B5 /* PBXTargetDependency */,
			);
			name = chitoTests;
			productName = chitoTests;
			productReference = C15C80E41B540A960024F0B5 /* CHiTO.temp_caseinsensitive_rename.xctest */;
			productType = "com.apple.product-type.bundle.unit-test";
		};
/* End PBXNativeTarget section */

/* Begin PBXProject section */
		C15C80C31B540A960024F0B5 /* Project object */ = {
			isa = PBXProject;
			attributes = {
				LastSwiftUpdateCheck = 0700;
				LastUpgradeCheck = 0700;
				ORGANIZATIONNAME = CHiTO;
				TargetAttributes = {
					C15C80CA1B540A960024F0B5 = {
						CreatedOnToolsVersion = 6.4;
						DevelopmentTeam = 8H7X36TF25;
						SystemCapabilities = {
							com.apple.BackgroundModes = {
								enabled = 0;
							};
							com.apple.SafariKeychain = {
								enabled = 0;
							};
						};
					};
					C15C80E31B540A960024F0B5 = {
						CreatedOnToolsVersion = 6.4;
						TestTargetID = C15C80CA1B540A960024F0B5;
					};
				};
			};
			buildConfigurationList = C15C80C61B540A960024F0B5 /* Build configuration list for PBXProject "CHiTO" */;
			compatibilityVersion = "Xcode 3.2";
			developmentRegion = English;
			hasScannedForEncodings = 0;
			knownRegions = (
				en,
				Base,
			);
			mainGroup = C15C80C21B540A960024F0B5;
			productRefGroup = C15C80CC1B540A960024F0B5 /* Products */;
			projectDirPath = "";
			projectRoot = "";
			targets = (
				C15C80CA1B540A960024F0B5 /* chito */,
				C15C80E31B540A960024F0B5 /* chitoTests */,
			);
		};
/* End PBXProject section */

/* Begin PBXResourcesBuildPhase section */
		C15C80C91B540A960024F0B5 /* Resources */ = {
			isa = PBXResourcesBuildPhase;
			buildActionMask = 2147483647;
			files = (
				C1BF260B1B5D619D00CCB79B /* mrtJson.json in Resources */,
				C15C80DA1B540A960024F0B5 /* Main.storyboard in Resources */,
				C15C80DF1B540A960024F0B5 /* LaunchScreen.xib in Resources */,
				C15C80DC1B540A960024F0B5 /* Images.xcassets in Resources */,
				C1EFF8CA1B5B50040083C001 /* InfoWindow.xib in Resources */,
				C1BF26001B5CDB7600CCB79B /* yelpJsonTest.json in Resources */,
			);
			runOnlyForDeploymentPostprocessing = 0;
		};
		C15C80E21B540A960024F0B5 /* Resources */ = {
			isa = PBXResourcesBuildPhase;
			buildActionMask = 2147483647;
			files = (
			);
			runOnlyForDeploymentPostprocessing = 0;
		};
/* End PBXResourcesBuildPhase section */

/* Begin PBXShellScriptBuildPhase section */
		00118522B42C5F709B5DFEA9 /* Copy Pods Resources */ = {
			isa = PBXShellScriptBuildPhase;
			buildActionMask = 2147483647;
			files = (
			);
			inputPaths = (
			);
			name = "Copy Pods Resources";
			outputPaths = (
			);
			runOnlyForDeploymentPostprocessing = 0;
			shellPath = /bin/sh;
			shellScript = "\"${SRCROOT}/Pods/Target Support Files/Pods-chito/Pods-chito-resources.sh\"\n";
			showEnvVarsInLog = 0;
		};
		C5058633A8F284414FC21C2D /* Check Pods Manifest.lock */ = {
			isa = PBXShellScriptBuildPhase;
			buildActionMask = 2147483647;
			files = (
			);
			inputPaths = (
			);
			name = "Check Pods Manifest.lock";
			outputPaths = (
			);
			runOnlyForDeploymentPostprocessing = 0;
			shellPath = /bin/sh;
			shellScript = "diff \"${PODS_ROOT}/../Podfile.lock\" \"${PODS_ROOT}/Manifest.lock\" > /dev/null\nif [[ $? != 0 ]] ; then\n    cat << EOM\nerror: The sandbox is not in sync with the Podfile.lock. Run 'pod install' or update your CocoaPods installation.\nEOM\n    exit 1\nfi\n";
			showEnvVarsInLog = 0;
		};
/* End PBXShellScriptBuildPhase section */

/* Begin PBXSourcesBuildPhase section */
		C15C80C71B540A960024F0B5 /* Sources */ = {
			isa = PBXSourcesBuildPhase;
			buildActionMask = 2147483647;
			files = (
				C13CCC9D1B5F917400A87C8A /* YelpDataModel.m in Sources */,
				C16B0FFE1B5FE1A000316783 /* CSMarker.m in Sources */,
				C1D83C031B591B280043D7D4 /* PleaseLoginViewController.m in Sources */,
				C15C80D71B540A960024F0B5 /* ViewController.m in Sources */,
				C1BF26161B5E2C2A00CCB79B /* InterestCollectionViewCell.swift in Sources */,
				C11CD62A1B6235A200D2A1E1 /* RightViewController.m in Sources */,
				C1BF26031B5CEF3400CCB79B /* CustomInfoWindow.m in Sources */,
				C11CD6361B62759B00D2A1E1 /* FirstViewController.m in Sources */,
				C15C80D41B540A960024F0B5 /* AppDelegate.m in Sources */,
				C1EFF8C91B5B50040083C001 /* MapViewController.m in Sources */,
				C11CD6391B6275AA00D2A1E1 /* SecondViewController.m in Sources */,
				C15C80D11B540A960024F0B5 /* main.m in Sources */,
				C1BF260D1B5E245200CCB79B /* SortCollectionViewController.swift in Sources */,
				C1BF260F1B5E27CA00CCB79B /* Interest.swift in Sources */,
				C11CD63C1B62892C00D2A1E1 /* RootViewController.m in Sources */,
			);
			runOnlyForDeploymentPostprocessing = 0;
		};
		C15C80E01B540A960024F0B5 /* Sources */ = {
			isa = PBXSourcesBuildPhase;
			buildActionMask = 2147483647;
			files = (
				C15C80EB1B540A960024F0B5 /* chitoTests.m in Sources */,
			);
			runOnlyForDeploymentPostprocessing = 0;
		};
/* End PBXSourcesBuildPhase section */

/* Begin PBXTargetDependency section */
		C15C80E61B540A960024F0B5 /* PBXTargetDependency */ = {
			isa = PBXTargetDependency;
			target = C15C80CA1B540A960024F0B5 /* chito */;
			targetProxy = C15C80E51B540A960024F0B5 /* PBXContainerItemProxy */;
		};
/* End PBXTargetDependency section */

/* Begin PBXVariantGroup section */
		C15C80D81B540A960024F0B5 /* Main.storyboard */ = {
			isa = PBXVariantGroup;
			children = (
				C15C80D91B540A960024F0B5 /* Base */,
			);
			name = Main.storyboard;
			sourceTree = "<group>";
		};
		C15C80DD1B540A960024F0B5 /* LaunchScreen.xib */ = {
			isa = PBXVariantGroup;
			children = (
				C15C80DE1B540A960024F0B5 /* Base */,
			);
			name = LaunchScreen.xib;
			sourceTree = "<group>";
		};
/* End PBXVariantGroup section */

/* Begin XCBuildConfiguration section */
		C15C80EC1B540A960024F0B5 /* Debug */ = {
			isa = XCBuildConfiguration;
			buildSettings = {
				ALWAYS_SEARCH_USER_PATHS = NO;
				CLANG_CXX_LANGUAGE_STANDARD = "gnu++0x";
				CLANG_CXX_LIBRARY = "libc++";
				CLANG_ENABLE_MODULES = YES;
				CLANG_ENABLE_OBJC_ARC = YES;
				CLANG_WARN_BOOL_CONVERSION = YES;
				CLANG_WARN_CONSTANT_CONVERSION = YES;
				CLANG_WARN_DIRECT_OBJC_ISA_USAGE = YES_ERROR;
				CLANG_WARN_EMPTY_BODY = YES;
				CLANG_WARN_ENUM_CONVERSION = YES;
				CLANG_WARN_INT_CONVERSION = YES;
				CLANG_WARN_OBJC_ROOT_CLASS = YES_ERROR;
				CLANG_WARN_UNREACHABLE_CODE = YES;
				CLANG_WARN__DUPLICATE_METHOD_MATCH = YES;
				"CODE_SIGN_IDENTITY[sdk=iphoneos*]" = "iPhone Developer";
				COPY_PHASE_STRIP = NO;
				DEBUG_INFORMATION_FORMAT = "dwarf-with-dsym";
				ENABLE_STRICT_OBJC_MSGSEND = YES;
				ENABLE_TESTABILITY = YES;
				GCC_C_LANGUAGE_STANDARD = gnu99;
				GCC_DYNAMIC_NO_PIC = NO;
				GCC_NO_COMMON_BLOCKS = YES;
				GCC_OPTIMIZATION_LEVEL = 0;
				GCC_PREPROCESSOR_DEFINITIONS = (
					"DEBUG=1",
					"$(inherited)",
				);
				GCC_SYMBOLS_PRIVATE_EXTERN = NO;
				GCC_WARN_64_TO_32_BIT_CONVERSION = YES;
				GCC_WARN_ABOUT_RETURN_TYPE = YES_ERROR;
				GCC_WARN_UNDECLARED_SELECTOR = YES;
				GCC_WARN_UNINITIALIZED_AUTOS = YES_AGGRESSIVE;
				GCC_WARN_UNUSED_FUNCTION = YES;
				GCC_WARN_UNUSED_VARIABLE = YES;
				IPHONEOS_DEPLOYMENT_TARGET = 8.0;
				MTL_ENABLE_DEBUG_INFO = YES;
				ONLY_ACTIVE_ARCH = YES;
				SDKROOT = iphoneos;
				VALID_ARCHS = "armv7 armv7s arm64";
			};
			name = Debug;
		};
		C15C80ED1B540A960024F0B5 /* Release */ = {
			isa = XCBuildConfiguration;
			buildSettings = {
				ALWAYS_SEARCH_USER_PATHS = NO;
				CLANG_CXX_LANGUAGE_STANDARD = "gnu++0x";
				CLANG_CXX_LIBRARY = "libc++";
				CLANG_ENABLE_MODULES = YES;
				CLANG_ENABLE_OBJC_ARC = YES;
				CLANG_WARN_BOOL_CONVERSION = YES;
				CLANG_WARN_CONSTANT_CONVERSION = YES;
				CLANG_WARN_DIRECT_OBJC_ISA_USAGE = YES_ERROR;
				CLANG_WARN_EMPTY_BODY = YES;
				CLANG_WARN_ENUM_CONVERSION = YES;
				CLANG_WARN_INT_CONVERSION = YES;
				CLANG_WARN_OBJC_ROOT_CLASS = YES_ERROR;
				CLANG_WARN_UNREACHABLE_CODE = YES;
				CLANG_WARN__DUPLICATE_METHOD_MATCH = YES;
				"CODE_SIGN_IDENTITY[sdk=iphoneos*]" = "iPhone Developer";
				COPY_PHASE_STRIP = NO;
				DEBUG_INFORMATION_FORMAT = "dwarf-with-dsym";
				ENABLE_NS_ASSERTIONS = NO;
				ENABLE_STRICT_OBJC_MSGSEND = YES;
				GCC_C_LANGUAGE_STANDARD = gnu99;
				GCC_NO_COMMON_BLOCKS = YES;
				GCC_WARN_64_TO_32_BIT_CONVERSION = YES;
				GCC_WARN_ABOUT_RETURN_TYPE = YES_ERROR;
				GCC_WARN_UNDECLARED_SELECTOR = YES;
				GCC_WARN_UNINITIALIZED_AUTOS = YES_AGGRESSIVE;
				GCC_WARN_UNUSED_FUNCTION = YES;
				GCC_WARN_UNUSED_VARIABLE = YES;
				IPHONEOS_DEPLOYMENT_TARGET = 8.0;
				MTL_ENABLE_DEBUG_INFO = NO;
				SDKROOT = iphoneos;
				VALIDATE_PRODUCT = YES;
				VALID_ARCHS = "armv7 armv7s arm64";
			};
			name = Release;
		};
		C15C80EF1B540A960024F0B5 /* Debug */ = {
			isa = XCBuildConfiguration;
			baseConfigurationReference = 15F6435E3A8F13D831B4A296 /* Pods-chito.debug.xcconfig */;
			buildSettings = {
				ASSETCATALOG_COMPILER_APPICON_NAME = AppIcon;
				CLANG_ENABLE_MODULES = YES;
				CODE_SIGN_IDENTITY = "iPhone Developer";
				"CODE_SIGN_IDENTITY[sdk=iphoneos*]" = "iPhone Developer";
				INFOPLIST_FILE = chito/Info.plist;
				IPHONEOS_DEPLOYMENT_TARGET = 8.0;
				LD_RUNPATH_SEARCH_PATHS = "$(inherited) @executable_path/Frameworks";
				PRODUCT_BUNDLE_IDENTIFIER = "com.alphacamp.$(PRODUCT_NAME:rfc1034identifier)";
				PRODUCT_NAME = CHiTO;
				PROVISIONING_PROFILE = "";
				SWIFT_OBJC_BRIDGING_HEADER = "chito/chito-Bridging-Header.h";
				SWIFT_OPTIMIZATION_LEVEL = "-Onone";
			};
			name = Debug;
		};
		C15C80F01B540A960024F0B5 /* Release */ = {
			isa = XCBuildConfiguration;
			baseConfigurationReference = 4D144E4EF0F0E4EEF293BF0F /* Pods-chito.release.xcconfig */;
			buildSettings = {
				ASSETCATALOG_COMPILER_APPICON_NAME = AppIcon;
				CLANG_ENABLE_MODULES = YES;
				CODE_SIGN_IDENTITY = "iPhone Developer";
				"CODE_SIGN_IDENTITY[sdk=iphoneos*]" = "iPhone Developer";
				INFOPLIST_FILE = chito/Info.plist;
				IPHONEOS_DEPLOYMENT_TARGET = 8.0;
				LD_RUNPATH_SEARCH_PATHS = "$(inherited) @executable_path/Frameworks";
				PRODUCT_BUNDLE_IDENTIFIER = "com.alphacamp.$(PRODUCT_NAME:rfc1034identifier)";
				PRODUCT_NAME = CHiTO;
				PROVISIONING_PROFILE = "";
				SWIFT_OBJC_BRIDGING_HEADER = "chito/chito-Bridging-Header.h";
			};
			name = Release;
		};
		C15C80F21B540A960024F0B5 /* Debug */ = {
			isa = XCBuildConfiguration;
			buildSettings = {
				BUNDLE_LOADER = "$(TEST_HOST)";
				FRAMEWORK_SEARCH_PATHS = (
					"$(SDKROOT)/Developer/Library/Frameworks",
					"$(inherited)",
				);
				GCC_PREPROCESSOR_DEFINITIONS = (
					"DEBUG=1",
					"$(inherited)",
				);
				INFOPLIST_FILE = chitoTests/Info.plist;
				LD_RUNPATH_SEARCH_PATHS = "$(inherited) @executable_path/Frameworks @loader_path/Frameworks";
				PRODUCT_BUNDLE_IDENTIFIER = "com.alphacamp.$(PRODUCT_NAME:rfc1034identifier)";
				PRODUCT_NAME = CHiTO.temp_caseinsensitive_rename;
				TEST_HOST = "$(BUILT_PRODUCTS_DIR)/CHiTO.temp_caseinsensitive_rename.app/CHiTO.temp_caseinsensitive_rename";
			};
			name = Debug;
		};
		C15C80F31B540A960024F0B5 /* Release */ = {
			isa = XCBuildConfiguration;
			buildSettings = {
				BUNDLE_LOADER = "$(TEST_HOST)";
				FRAMEWORK_SEARCH_PATHS = (
					"$(SDKROOT)/Developer/Library/Frameworks",
					"$(inherited)",
				);
				INFOPLIST_FILE = chitoTests/Info.plist;
				LD_RUNPATH_SEARCH_PATHS = "$(inherited) @executable_path/Frameworks @loader_path/Frameworks";
				PRODUCT_BUNDLE_IDENTIFIER = "com.alphacamp.$(PRODUCT_NAME:rfc1034identifier)";
				PRODUCT_NAME = CHiTO.temp_caseinsensitive_rename;
				TEST_HOST = "$(BUILT_PRODUCTS_DIR)/CHiTO.temp_caseinsensitive_rename.app/CHiTO.temp_caseinsensitive_rename";
			};
			name = Release;
		};
/* End XCBuildConfiguration section */

/* Begin XCConfigurationList section */
		C15C80C61B540A960024F0B5 /* Build configuration list for PBXProject "CHiTO" */ = {
			isa = XCConfigurationList;
			buildConfigurations = (
				C15C80EC1B540A960024F0B5 /* Debug */,
				C15C80ED1B540A960024F0B5 /* Release */,
			);
			defaultConfigurationIsVisible = 0;
			defaultConfigurationName = Release;
		};
		C15C80EE1B540A960024F0B5 /* Build configuration list for PBXNativeTarget "chito" */ = {
			isa = XCConfigurationList;
			buildConfigurations = (
				C15C80EF1B540A960024F0B5 /* Debug */,
				C15C80F01B540A960024F0B5 /* Release */,
			);
			defaultConfigurationIsVisible = 0;
			defaultConfigurationName = Release;
		};
		C15C80F11B540A960024F0B5 /* Build configuration list for PBXNativeTarget "chitoTests" */ = {
			isa = XCConfigurationList;
			buildConfigurations = (
				C15C80F21B540A960024F0B5 /* Debug */,
				C15C80F31B540A960024F0B5 /* Release */,
			);
			defaultConfigurationIsVisible = 0;
			defaultConfigurationName = Release;
		};
/* End XCConfigurationList section */
	};
	rootObject = C15C80C31B540A960024F0B5 /* Project object */;
}
